
Microsoft Visual Studio Solution File, Format Version 12.00
# Visual Studio Version 17
VisualStudioVersion = 17.11.35312.102
MinimumVisualStudioVersion = 10.0.40219.1
Project("{FAE04EC0-301F-11D3-BF4B-00C04F79EFBC}") = "PTMKTestTaskConsole", "PTMKTestTaskConsole\PTMKTestTaskConsole.csproj", "{755832D6-066D-40B2-A715-034DBA243D24}"
EndProject
Global
	GlobalSection(SolutionConfigurationPlatforms) = preSolution
		Debug|Any CPU = Debug|Any CPU
		Release|Any CPU = Release|Any CPU
	EndGlobalSection
	GlobalSection(ProjectConfigurationPlatforms) = postSolution
		{755832D6-066D-40B2-A715-034DBA243D24}.Debug|Any CPU.ActiveCfg = Debug|Any CPU
		{755832D6-066D-40B2-A715-034DBA243D24}.Debug|Any CPU.Build.0 = Debug|Any CPU
		{755832D6-066D-40B2-A715-034DBA243D24}.Release|Any CPU.ActiveCfg = Release|Any CPU
		{755832D6-066D-40B2-A715-034DBA243D24}.Release|Any CPU.Build.0 = Release|Any CPU
	EndGlobalSection
	GlobalSection(SolutionProperties) = preSolution
		HideSolutionNode = FALSE
	EndGlobalSection
	GlobalSection(ExtensibilityGlobals) = postSolution
		SolutionGuid = {E7F534AE-7C6F-493D-B043-CACAEC129724}
	EndGlobalSection
EndGlobal
